
Microsoft Visual Studio Solution File, Format Version 12.00
Project("{FAE04EC0-301F-11D3-BF4B-00C04F79EFBC}") = "BankProcessingEngine", "BankProcessingEngine.csproj", "{A9D109E9-65CD-40CB-8FD3-7009A777DDBF}"
EndProject
Project("{2150E333-8FDC-42A3-9474-1A3956D46DE8}") = "Solution Items", "Solution Items", "{1BA8BFD3-6DF5-4814-994E-255EEF163651}"
	ProjectSection(SolutionItems) = preProject
		compose.yaml = compose.yaml
		.env = .env
		.env.example = .env.example
	EndProjectSection
EndProject
Project("{FAE04EC0-301F-11D3-BF4B-00C04F79EFBC}") = "Infrastructure", "..\Infrastructure\Infrastructure.csproj", "{3CB118B2-2FB0-4D66-9A53-3E9206713563}"
EndProject
Project("{FAE04EC0-301F-11D3-BF4B-00C04F79EFBC}") = "Application", "..\Application\Application.csproj", "{3805C9DD-6332-4EFA-BCE6-220339A02955}"
EndProject
Project("{FAE04EC0-301F-11D3-BF4B-00C04F79EFBC}") = "Domain", "..\Domain\Domain.csproj", "{7FD754E6-B42A-48D4-8F53-EA875D8D7563}"
EndProject
Global
	GlobalSection(SolutionConfigurationPlatforms) = preSolution
		Debug|Any CPU = Debug|Any CPU
		Release|Any CPU = Release|Any CPU
	EndGlobalSection
	GlobalSection(ProjectConfigurationPlatforms) = postSolution
		{A9D109E9-65CD-40CB-8FD3-7009A777DDBF}.Debug|Any CPU.ActiveCfg = Debug|Any CPU
		{A9D109E9-65CD-40CB-8FD3-7009A777DDBF}.Debug|Any CPU.Build.0 = Debug|Any CPU
		{A9D109E9-65CD-40CB-8FD3-7009A777DDBF}.Release|Any CPU.ActiveCfg = Release|Any CPU
		{A9D109E9-65CD-40CB-8FD3-7009A777DDBF}.Release|Any CPU.Build.0 = Release|Any CPU
		{3CB118B2-2FB0-4D66-9A53-3E9206713563}.Debug|Any CPU.ActiveCfg = Debug|Any CPU
		{3CB118B2-2FB0-4D66-9A53-3E9206713563}.Debug|Any CPU.Build.0 = Debug|Any CPU
		{3CB118B2-2FB0-4D66-9A53-3E9206713563}.Release|Any CPU.ActiveCfg = Release|Any CPU
		{3CB118B2-2FB0-4D66-9A53-3E9206713563}.Release|Any CPU.Build.0 = Release|Any CPU
		{3805C9DD-6332-4EFA-BCE6-220339A02955}.Debug|Any CPU.ActiveCfg = Debug|Any CPU
		{3805C9DD-6332-4EFA-BCE6-220339A02955}.Debug|Any CPU.Build.0 = Debug|Any CPU
		{3805C9DD-6332-4EFA-BCE6-220339A02955}.Release|Any CPU.ActiveCfg = Release|Any CPU
		{3805C9DD-6332-4EFA-BCE6-220339A02955}.Release|Any CPU.Build.0 = Release|Any CPU
		{7FD754E6-B42A-48D4-8F53-EA875D8D7563}.Debug|Any CPU.ActiveCfg = Debug|Any CPU
		{7FD754E6-B42A-48D4-8F53-EA875D8D7563}.Debug|Any CPU.Build.0 = Debug|Any CPU
		{7FD754E6-B42A-48D4-8F53-EA875D8D7563}.Release|Any CPU.ActiveCfg = Release|Any CPU
		{7FD754E6-B42A-48D4-8F53-EA875D8D7563}.Release|Any CPU.Build.0 = Release|Any CPU
	EndGlobalSection
EndGlobal
